
Microsoft Visual Studio Solution File, Format Version 12.00
# Visual Studio Version 17
VisualStudioVersion = 17.2.32616.157
MinimumVisualStudioVersion = 10.0.40219.1
Project("{2150E333-8FDC-42A3-9474-1A3956D46DE8}") = "1 - Application", "1 - Application", "{74B92D6D-5FCA-44F9-BE56-D70E9F818BDC}"
EndProject
Project("{2150E333-8FDC-42A3-9474-1A3956D46DE8}") = "2 - Service", "2 - Service", "{CCB0C5D7-83F6-44FB-A3D7-FFB5118E8508}"
EndProject
Project("{2150E333-8FDC-42A3-9474-1A3956D46DE8}") = "3 - Domain", "3 - Domain", "{C2C2F7DA-D6D7-4738-8045-C90CAE3FAD0B}"
EndProject
Project("{2150E333-8FDC-42A3-9474-1A3956D46DE8}") = "4 - Infra", "4 - Infra", "{4127C2FE-5047-4C93-8708-2EAF8F87F4AF}"
EndProject
Project("{2150E333-8FDC-42A3-9474-1A3956D46DE8}") = "4.1 - Data", "4.1 - Data", "{EB3E3E25-31ED-4533-B95D-B30D01FECDAB}"
EndProject
Project("{2150E333-8FDC-42A3-9474-1A3956D46DE8}") = "4.2 - CrossCutting", "4.2 - CrossCutting", "{D67D14F2-BB4F-4165-B8A1-3CD2643E03DA}"
EndProject
Project("{9A19103F-16F7-4668-BE54-9A1E7A4F7556}") = "Yupass.Service", "Yupass.Service\Yupass.Service.csproj", "{0677AE2D-EFBB-404C-B5D2-16C0D8A272E3}"
EndProject
Project("{9A19103F-16F7-4668-BE54-9A1E7A4F7556}") = "Yupass.Domain", "Yupass.Domain\Yupass.Domain.csproj", "{1AAC870B-FBEF-4FF5-9262-1FED9DDD19A0}"
EndProject
Project("{9A19103F-16F7-4668-BE54-9A1E7A4F7556}") = "Yupass.Data", "Yupass.Data\Yupass.Data.csproj", "{C40B1482-D78F-42FF-8BB2-BD32EBA9C295}"
EndProject
Project("{9A19103F-16F7-4668-BE54-9A1E7A4F7556}") = "Yupass.IoC", "Yupass.IoC\Yupass.IoC.csproj", "{B4D7AAB3-232A-4CDD-A715-06BD4972CEE4}"
EndProject
Project("{9A19103F-16F7-4668-BE54-9A1E7A4F7556}") = "Yupass.Application", "Yupass.Application\Yupass.Application.csproj", "{DE1207A8-99BA-415F-816B-4A24734F3143}"
EndProject
Project("{2150E333-8FDC-42A3-9474-1A3956D46DE8}") = "5 - Tests", "5 - Tests", "{F26A991D-3C95-4715-A043-D251B02AAF61}"
EndProject
Project("{9A19103F-16F7-4668-BE54-9A1E7A4F7556}") = "Yupass.Data.Test", "Yupass.Tests\Yupass.Data.Test\Yupass.Data.Test.csproj", "{2855EAED-4503-4120-9374-DB5ABBD003A8}"
EndProject
Project("{9A19103F-16F7-4668-BE54-9A1E7A4F7556}") = "Yupass.Service.Test", "Yupass.Tests\Yupass.Service.Test\Yupass.Service.Test.csproj", "{D4A99D8D-8156-4E42-80D4-7CA5265A8117}"
EndProject
Global
	GlobalSection(SolutionConfigurationPlatforms) = preSolution
		Debug|Any CPU = Debug|Any CPU
		Release|Any CPU = Release|Any CPU
	EndGlobalSection
	GlobalSection(ProjectConfigurationPlatforms) = postSolution
		{0677AE2D-EFBB-404C-B5D2-16C0D8A272E3}.Debug|Any CPU.ActiveCfg = Debug|Any CPU
		{0677AE2D-EFBB-404C-B5D2-16C0D8A272E3}.Debug|Any CPU.Build.0 = Debug|Any CPU
		{0677AE2D-EFBB-404C-B5D2-16C0D8A272E3}.Release|Any CPU.ActiveCfg = Release|Any CPU
		{0677AE2D-EFBB-404C-B5D2-16C0D8A272E3}.Release|Any CPU.Build.0 = Release|Any CPU
		{1AAC870B-FBEF-4FF5-9262-1FED9DDD19A0}.Debug|Any CPU.ActiveCfg = Debug|Any CPU
		{1AAC870B-FBEF-4FF5-9262-1FED9DDD19A0}.Debug|Any CPU.Build.0 = Debug|Any CPU
		{1AAC870B-FBEF-4FF5-9262-1FED9DDD19A0}.Release|Any CPU.ActiveCfg = Release|Any CPU
		{1AAC870B-FBEF-4FF5-9262-1FED9DDD19A0}.Release|Any CPU.Build.0 = Release|Any CPU
		{C40B1482-D78F-42FF-8BB2-BD32EBA9C295}.Debug|Any CPU.ActiveCfg = Debug|Any CPU
		{C40B1482-D78F-42FF-8BB2-BD32EBA9C295}.Debug|Any CPU.Build.0 = Debug|Any CPU
		{C40B1482-D78F-42FF-8BB2-BD32EBA9C295}.Release|Any CPU.ActiveCfg = Release|Any CPU
		{C40B1482-D78F-42FF-8BB2-BD32EBA9C295}.Release|Any CPU.Build.0 = Release|Any CPU
		{B4D7AAB3-232A-4CDD-A715-06BD4972CEE4}.Debug|Any CPU.ActiveCfg = Debug|Any CPU
		{B4D7AAB3-232A-4CDD-A715-06BD4972CEE4}.Debug|Any CPU.Build.0 = Debug|Any CPU
		{B4D7AAB3-232A-4CDD-A715-06BD4972CEE4}.Release|Any CPU.ActiveCfg = Release|Any CPU
		{B4D7AAB3-232A-4CDD-A715-06BD4972CEE4}.Release|Any CPU.Build.0 = Release|Any CPU
		{DE1207A8-99BA-415F-816B-4A24734F3143}.Debug|Any CPU.ActiveCfg = Debug|Any CPU
		{DE1207A8-99BA-415F-816B-4A24734F3143}.Debug|Any CPU.Build.0 = Debug|Any CPU
		{DE1207A8-99BA-415F-816B-4A24734F3143}.Release|Any CPU.ActiveCfg = Release|Any CPU
		{DE1207A8-99BA-415F-816B-4A24734F3143}.Release|Any CPU.Build.0 = Release|Any CPU
		{2855EAED-4503-4120-9374-DB5ABBD003A8}.Debug|Any CPU.ActiveCfg = Debug|Any CPU
		{2855EAED-4503-4120-9374-DB5ABBD003A8}.Debug|Any CPU.Build.0 = Debug|Any CPU
		{2855EAED-4503-4120-9374-DB5ABBD003A8}.Release|Any CPU.ActiveCfg = Release|Any CPU
		{2855EAED-4503-4120-9374-DB5ABBD003A8}.Release|Any CPU.Build.0 = Release|Any CPU
		{D4A99D8D-8156-4E42-80D4-7CA5265A8117}.Debug|Any CPU.ActiveCfg = Debug|Any CPU
		{D4A99D8D-8156-4E42-80D4-7CA5265A8117}.Debug|Any CPU.Build.0 = Debug|Any CPU
		{D4A99D8D-8156-4E42-80D4-7CA5265A8117}.Release|Any CPU.ActiveCfg = Release|Any CPU
		{D4A99D8D-8156-4E42-80D4-7CA5265A8117}.Release|Any CPU.Build.0 = Release|Any CPU
	EndGlobalSection
	GlobalSection(SolutionProperties) = preSolution
		HideSolutionNode = FALSE
	EndGlobalSection
	GlobalSection(NestedProjects) = preSolution
		{EB3E3E25-31ED-4533-B95D-B30D01FECDAB} = {4127C2FE-5047-4C93-8708-2EAF8F87F4AF}
		{D67D14F2-BB4F-4165-B8A1-3CD2643E03DA} = {4127C2FE-5047-4C93-8708-2EAF8F87F4AF}
		{0677AE2D-EFBB-404C-B5D2-16C0D8A272E3} = {CCB0C5D7-83F6-44FB-A3D7-FFB5118E8508}
		{1AAC870B-FBEF-4FF5-9262-1FED9DDD19A0} = {C2C2F7DA-D6D7-4738-8045-C90CAE3FAD0B}
		{C40B1482-D78F-42FF-8BB2-BD32EBA9C295} = {EB3E3E25-31ED-4533-B95D-B30D01FECDAB}
		{B4D7AAB3-232A-4CDD-A715-06BD4972CEE4} = {D67D14F2-BB4F-4165-B8A1-3CD2643E03DA}
		{DE1207A8-99BA-415F-816B-4A24734F3143} = {74B92D6D-5FCA-44F9-BE56-D70E9F818BDC}
		{2855EAED-4503-4120-9374-DB5ABBD003A8} = {F26A991D-3C95-4715-A043-D251B02AAF61}
		{D4A99D8D-8156-4E42-80D4-7CA5265A8117} = {F26A991D-3C95-4715-A043-D251B02AAF61}
	EndGlobalSection
	GlobalSection(ExtensibilityGlobals) = postSolution
		SolutionGuid = {F8258C7B-BB79-46FE-94DC-97184EE74AE9}
	EndGlobalSection
EndGlobal
